# This file is automatically @generated by Cargo.
# It is not intended for manual editing.
version = 4

[[package]]
name = "aw-server-rust"
version = "0.1.0"

[[package]]
name = "aw-watcher-audio"
version = "0.1.0"

[[package]]
name = "aw-watcher-kdevelop"
version = "0.1.0"

[[package]]
name = "aw-watcher-terminal"
version = "0.1.0"

[[package]]
name = "aw-watcher-window"
version = "0.1.0"

[[package]]
name = "emotion-detection"
version = "0.1.0"

[[package]]
name = "etl-orchestrator"
version = "0.1.0"

[[package]]
name = "event-gateway"
version = "0.1.0"

[[package]]
name = "graphql-api"
version = "0.1.0"

[[package]]
name = "ivb"
version = "0.1.0"

[[package]]
name = "models"
version = "0.1.0"

[[package]]
name = "proto"
version = "0.1.0"

[[package]]
name = "public-profile-api"
version = "0.1.0"

[[package]]
name = "rest-api"
version = "0.1.0"

[[package]]
name = "stripe-webhook-handler"
version = "0.1.0"

[[package]]
name = "summarizer-job"
version = "0.1.0"

[[package]]
name = "utils"
version = "0.1.0"

[[package]]
name = "vectorizer-service"
version = "0.1.0"

[[package]]
name = "vibe-social-engine"
version = "0.1.0"
